
Microsoft Visual Studio Solution File, Format Version 12.00
# Visual Studio 15
VisualStudioVersion = 15.0.27130.2027
MinimumVisualStudioVersion = 10.0.40219.1
Project("{FAE04EC0-301F-11D3-BF4B-00C04F79EFBC}") = "Geoban.WPF.HelloWorld", "Geoban.WPF.HelloWorld\Geoban.WPF.HelloWorld.csproj", "{F5FAB4EB-542F-43FE-9E10-4D657041145E}"
EndProject
Global
	GlobalSection(SolutionConfigurationPlatforms) = preSolution
		Debug|Any CPU = Debug|Any CPU
		Release|Any CPU = Release|Any CPU
	EndGlobalSection
	GlobalSection(ProjectConfigurationPlatforms) = postSolution
		{F5FAB4EB-542F-43FE-9E10-4D657041145E}.Debug|Any CPU.ActiveCfg = Debug|Any CPU
		{F5FAB4EB-542F-43FE-9E10-4D657041145E}.Debug|Any CPU.Build.0 = Debug|Any CPU
		{F5FAB4EB-542F-43FE-9E10-4D657041145E}.Release|Any CPU.ActiveCfg = Release|Any CPU
		{F5FAB4EB-542F-43FE-9E10-4D657041145E}.Release|Any CPU.Build.0 = Release|Any CPU
	EndGlobalSection
	GlobalSection(SolutionProperties) = preSolution
		HideSolutionNode = FALSE
	EndGlobalSection
	GlobalSection(ExtensibilityGlobals) = postSolution
		SolutionGuid = {5B56ED3F-C32D-4BB0-901B-6C7FE65FEFF3}
	EndGlobalSection
EndGlobal
